
Microsoft Visual Studio Solution File, Format Version 12.00
# Visual Studio Version 16
VisualStudioVersion = 16.0.31702.278
MinimumVisualStudioVersion = 10.0.40219.1
Project("{FAE04EC0-301F-11D3-BF4B-00C04F79EFBC}") = "DrawingPad", "DrawingPad\DrawingPad.csproj", "{C3E50B7D-176A-4EDA-A2A2-5596A09F8DB0}"
EndProject
Global
	GlobalSection(SolutionConfigurationPlatforms) = preSolution
		Debug|Any CPU = Debug|Any CPU
		Release|Any CPU = Release|Any CPU
	EndGlobalSection
	GlobalSection(ProjectConfigurationPlatforms) = postSolution
		{C3E50B7D-176A-4EDA-A2A2-5596A09F8DB0}.Debug|Any CPU.ActiveCfg = Debug|Any CPU
		{C3E50B7D-176A-4EDA-A2A2-5596A09F8DB0}.Debug|Any CPU.Build.0 = Debug|Any CPU
		{C3E50B7D-176A-4EDA-A2A2-5596A09F8DB0}.Release|Any CPU.ActiveCfg = Release|Any CPU
		{C3E50B7D-176A-4EDA-A2A2-5596A09F8DB0}.Release|Any CPU.Build.0 = Release|Any CPU
	EndGlobalSection
	GlobalSection(SolutionProperties) = preSolution
		HideSolutionNode = FALSE
	EndGlobalSection
	GlobalSection(ExtensibilityGlobals) = postSolution
		SolutionGuid = {6BE061EC-B843-457E-8FF6-40D00425D6B3}
	EndGlobalSection
EndGlobal
